<?xml version="1.0" encoding="utf-8"?>
<Project ToolsVersion="4.0" xmlns="http://schemas.microsoft.com/developer/msbuild/2003">
  <ItemGroup>
    <Filter Include="소스 파일">
      <UniqueIdentifier>{4FC737F1-C7A5-4376-A066-2A32D752A2FF}</UniqueIdentifier>
      <Extensions>cpp;c;cc;cxx;def;odl;idl;hpj;bat;asm;asmx</Extensions>
    </Filter>
    <Filter Include="헤더 파일">
      <UniqueIdentifier>{93995380-89BD-4b04-88EB-625FBE52EBFB}</UniqueIdentifier>
      <Extensions>h;hpp;hxx;hm;inl;inc;xsd</Extensions>
    </Filter>
    <Filter Include="리소스 파일">
      <UniqueIdentifier>{67DA6AB6-F800-4c08-8B7A-83BB121AAD01}</UniqueIdentifier>
      <Extensions>rc;ico;cur;bmp;dlg;rc2;rct;bin;rgs;gif;jpg;jpeg;jpe;resx;tiff;tif;png;wav;mfcribbon-ms</Extensions>
    </Filter>
    <Filter Include="Behavior">
      <UniqueIdentifier>{a5626314-26eb-4565-a659-2eed3840e392}</UniqueIdentifier>
    </Filter>
    <Filter Include="Behavior\Gotogoal">
      <UniqueIdentifier>{3a4cc4c2-d751-4201-a41c-b83ff633f359}</UniqueIdentifier>
    </Filter>
    <Filter Include="KUNS">
      <UniqueIdentifier>{91853110-9fd2-44b6-875d-f814ac538674}</UniqueIdentifier>
    </Filter>
    <Filter Include="KUNS\KUNSMap">
      <UniqueIdentifier>{862ea362-c603-4b13-9c6b-3c91df4c1f33}</UniqueIdentifier>
    </Filter>
    <Filter Include="KUNS\KUNSUtil">
      <UniqueIdentifier>{3f30aa8b-879a-4f01-8b59-5ca71f9ef27b}</UniqueIdentifier>
    </Filter>
    <Filter Include="MobileSupervisor">
      <UniqueIdentifier>{7ad5598e-c532-4195-b0a7-3b16f8affc9a}</UniqueIdentifier>
    </Filter>
    <Filter Include="Sensor">
      <UniqueIdentifier>{43c8bbb8-e630-4df5-adb5-6dd9ce63b3d6}</UniqueIdentifier>
    </Filter>
    <Filter Include="Localizer">
      <UniqueIdentifier>{477754b4-0a6f-453b-9b8d-8d7742c425c8}</UniqueIdentifier>
    </Filter>
    <Filter Include="KUNSProcess">
      <UniqueIdentifier>{82baa442-1a39-40cf-9010-b6fabdc24180}</UniqueIdentifier>
    </Filter>
    <Filter Include="Behavior\MapBuilding">
      <UniqueIdentifier>{f4661f08-faaa-40c1-92bd-6eb5a88ed551}</UniqueIdentifier>
    </Filter>
    <Filter Include="Behavior\PathTeaching">
      <UniqueIdentifier>{b7cb6d45-b1d8-445d-9c9a-1adf48d20c2f}</UniqueIdentifier>
    </Filter>
    <Filter Include="Algorithm">
      <UniqueIdentifier>{a8515dc4-9733-468c-a738-1d98aff1dfd2}</UniqueIdentifier>
    </Filter>
    <Filter Include="Behavior\GlobalLocalization">
      <UniqueIdentifier>{4228528d-0c82-4510-966f-634bc8931aaf}</UniqueIdentifier>
    </Filter>
    <Filter Include="Algorithm\ICP">
      <UniqueIdentifier>{22510d8a-81d7-4111-8834-e92dc7ae7f07}</UniqueIdentifier>
    </Filter>
    <Filter Include="Algorithm\ParticleFilter">
      <UniqueIdentifier>{c753b484-00c5-4d7e-a36d-868d8da0bf5d}</UniqueIdentifier>
    </Filter>
    <Filter Include="MultiRobotSupervisor">
      <UniqueIdentifier>{0001237a-782b-4f1c-a86e-9c27bf8cd7fd}</UniqueIdentifier>
    </Filter>
    <Filter Include="Algorithm\FeatureDetector">
      <UniqueIdentifier>{0ba91cad-3a07-4587-9530-48a35eb9bd24}</UniqueIdentifier>
    </Filter>
    <Filter Include="Algorithm\FiducialMarkRecognizer">
      <UniqueIdentifier>{0b385ae1-792f-45d3-bfe5-fc3cb9283fd5}</UniqueIdentifier>
    </Filter>
    <Filter Include="Sensor\SICK">
      <UniqueIdentifier>{57391741-9be4-4568-9f15-887662d949f4}</UniqueIdentifier>
    </Filter>
    <Filter Include="Algorithm\PathBlock">
      <UniqueIdentifier>{c14663ab-c17c-441d-8643-6cfc429f2bac}</UniqueIdentifier>
    </Filter>
    <Filter Include="Behavior\GlobalMapBuilding">
      <UniqueIdentifier>{76aa135b-594a-4df1-9164-e6f291b10633}</UniqueIdentifier>
    </Filter>
    <Filter Include="KUNSPRIMUSComm">
      <UniqueIdentifier>{6d895421-5a27-4d6b-b3b2-aa968123b935}</UniqueIdentifier>
    </Filter>
    <Filter Include="KUNSPRIMUSComm\Comm">
      <UniqueIdentifier>{6c021e64-974c-42a4-82b7-65dc7e057912}</UniqueIdentifier>
    </Filter>
    <Filter Include="KUNSPRIMUSComm\debugfile">
      <UniqueIdentifier>{368e3a56-9d73-46c5-b680-51e943ffa582}</UniqueIdentifier>
    </Filter>
    <Filter Include="KUNSPRIMUSComm\etc">
      <UniqueIdentifier>{3d13234b-bfc1-4cd2-a42f-546db30bc256}</UniqueIdentifier>
    </Filter>
    <Filter Include="KUNSPRIMUSComm\Global">
      <UniqueIdentifier>{8afbb405-7d6c-4ba7-94a0-6b2db22983f8}</UniqueIdentifier>
    </Filter>
    <Filter Include="KUNSPRIMUSComm\PCState">
      <UniqueIdentifier>{fecd8498-9901-4ab2-af36-33d2c3c1267d}</UniqueIdentifier>
    </Filter>
    <Filter Include="KUNSPRIMUSComm\Serial">
      <UniqueIdentifier>{13b2851b-11d4-4c33-815b-9d83a71ddd4c}</UniqueIdentifier>
    </Filter>
    <Filter Include="AGVComm">
      <UniqueIdentifier>{0f58529d-a2fd-4081-a538-67f9a4522cbf}</UniqueIdentifier>
    </Filter>
    <Filter Include="AGVComm\ZigbeeComm">
      <UniqueIdentifier>{a54a7830-bfc1-48ad-91ec-b5e7c607f601}</UniqueIdentifier>
    </Filter>
    <Filter Include="AGVComm\GPIOComm">
      <UniqueIdentifier>{550d7ee7-ae3a-48c7-b2af-0ccd57cc6312}</UniqueIdentifier>
    </Filter>
    <Filter Include="MultiRobotSupervisor\tinyxml">
      <UniqueIdentifier>{2765ab12-b19c-463a-81c1-4fe5c945ece7}</UniqueIdentifier>
    </Filter>
    <Filter Include="ANSCommon">
      <UniqueIdentifier>{64851533-0885-4182-ba1d-4db48f5e03ed}</UniqueIdentifier>
    </Filter>
  </ItemGroup>
  <ItemGroup>
    <None Include="ReadMe.txt" />
    <None Include="res\Samsung_TapelessAGV.rc2">
      <Filter>리소스 파일</Filter>
    </None>
    <None Include="res\Samsung_TapelessAGV.ico">
      <Filter>리소스 파일</Filter>
    </None>
    <None Include="ini\KUNS.ini" />
    <None Include="res\bitmap1.bmp">
      <Filter>리소스 파일</Filter>
    </None>
    <None Include="res\bitmap2.bmp">
      <Filter>리소스 파일</Filter>
    </None>
    <None Include="res\bitmap3.bmp">
      <Filter>리소스 파일</Filter>
    </None>
    <None Include="res\bitmap4.bmp">
      <Filter>리소스 파일</Filter>
    </None>
    <None Include="res\PathBlock1.bmp">
      <Filter>리소스 파일</Filter>
    </None>
    <None Include="res\PathBlock2.bmp">
      <Filter>리소스 파일</Filter>
    </None>
    <None Include="res\PathBlock3.bmp">
      <Filter>리소스 파일</Filter>
    </None>
    <None Include="res\PathBlock4.bmp">
      <Filter>리소스 파일</Filter>
    </None>
    <None Include="res\PathBlock5.bmp">
      <Filter>리소스 파일</Filter>
    </None>
    <None Include="res\PathBlock6.bmp">
      <Filter>리소스 파일</Filter>
    </None>
    <None Include="res\PathBlock7.bmp">
      <Filter>리소스 파일</Filter>
    </None>
    <None Include="res\PathBlock8.bmp">
      <Filter>리소스 파일</Filter>
    </None>
    <None Include="res\PathBlock10.bmp">
      <Filter>리소스 파일</Filter>
    </None>
    <None Include="res\PathBlock11.bmp">
      <Filter>리소스 파일</Filter>
    </None>
    <None Include="res\PathBlock12.bmp">
      <Filter>리소스 파일</Filter>
    </None>
    <None Include="res\PathBlock13.bmp">
      <Filter>리소스 파일</Filter>
    </None>
    <None Include="res\PathBlock20.bmp">
      <Filter>리소스 파일</Filter>
    </None>
    <None Include="res\PathBlock21.bmp">
      <Filter>리소스 파일</Filter>
    </None>
    <None Include="res\PathBlock22.bmp">
      <Filter>리소스 파일</Filter>
    </None>
    <None Include="res\PathBlock23.bmp">
      <Filter>리소스 파일</Filter>
    </None>
    <None Include="res\PathBlock24.bmp">
      <Filter>리소스 파일</Filter>
    </None>
    <None Include="res\PathBlock25.bmp">
      <Filter>리소스 파일</Filter>
    </None>
    <None Include="res\PathBlock26.bmp">
      <Filter>리소스 파일</Filter>
    </None>
    <None Include="res\PathBlock27.bmp">
      <Filter>리소스 파일</Filter>
    </None>
    <None Include="res\PathBlock28.bmp">
      <Filter>리소스 파일</Filter>
    </None>
    <None Include="res\PathBlock30.bmp">
      <Filter>리소스 파일</Filter>
    </None>
    <None Include="res\PathBlock31.bmp">
      <Filter>리소스 파일</Filter>
    </None>
    <None Include="res\PathBlock32.bmp">
      <Filter>리소스 파일</Filter>
    </None>
    <None Include="res\PathBlock33.bmp">
      <Filter>리소스 파일</Filter>
    </None>
    <None Include="res\PathBlock40.bmp">
      <Filter>리소스 파일</Filter>
    </None>
    <None Include="res\PathBlock41.bmp">
      <Filter>리소스 파일</Filter>
    </None>
    <None Include="res\PathBlock42.bmp">
      <Filter>리소스 파일</Filter>
    </None>
    <None Include="res\PathBlock43.bmp">
      <Filter>리소스 파일</Filter>
    </None>
    <None Include="res\PathBlock0.bmp">
      <Filter>리소스 파일</Filter>
    </None>
    <None Include="res\PathBlock9.bmp">
      <Filter>리소스 파일</Filter>
    </None>
    <None Include="res\PathBlock14.bmp">
      <Filter>리소스 파일</Filter>
    </None>
    <None Include="res\PathBlock15.bmp">
      <Filter>리소스 파일</Filter>
    </None>
    <None Include="res\PathBlock16.bmp">
      <Filter>리소스 파일</Filter>
    </None>
    <None Include="res\PathBlock17.bmp">
      <Filter>리소스 파일</Filter>
    </None>
    <None Include="res\PathBlock18.bmp">
      <Filter>리소스 파일</Filter>
    </None>
    <None Include="res\PathBlock19.bmp">
      <Filter>리소스 파일</Filter>
    </None>
    <None Include="res\PathBlock29.bmp">
      <Filter>리소스 파일</Filter>
    </None>
    <None Include="res\PathBlock34.bmp">
      <Filter>리소스 파일</Filter>
    </None>
    <None Include="res\PathBlock35.bmp">
      <Filter>리소스 파일</Filter>
    </None>
    <None Include="res\PathBlock36.bmp">
      <Filter>리소스 파일</Filter>
    </None>
    <None Include="res\PathBlock37.bmp">
      <Filter>리소스 파일</Filter>
    </None>
    <None Include="res\PathBlock38.bmp">
      <Filter>리소스 파일</Filter>
    </None>
    <None Include="res\PathBlock39.bmp">
      <Filter>리소스 파일</Filter>
    </None>
  </ItemGroup>
  <ItemGroup>
    <ClInclude Include="Samsung_TapelessAGV.h">
      <Filter>헤더 파일</Filter>
    </ClInclude>
    <ClInclude Include="Samsung_TapelessAGVDlg.h">
      <Filter>헤더 파일</Filter>
    </ClInclude>
    <ClInclude Include="stdafx.h">
      <Filter>헤더 파일</Filter>
    </ClInclude>
    <ClInclude Include="targetver.h">
      <Filter>헤더 파일</Filter>
    </ClInclude>
    <ClInclude Include="Resource.h">
      <Filter>헤더 파일</Filter>
    </ClInclude>
    <ClInclude Include="src\KUNSBehavior\GotoGoalBehavior\GotoGoalBehavior.h">
      <Filter>Behavior\Gotogoal</Filter>
    </ClInclude>
    <ClInclude Include="src\KUNSMap\KuMapRepository.h">
      <Filter>KUNS\KUNSMap</Filter>
    </ClInclude>
    <ClInclude Include="src\KUNSMap\KuMap.h">
      <Filter>KUNS\KUNSMap</Filter>
    </ClInclude>
    <ClInclude Include="src\KUNSUtil\KUNSCriticalSection\KuCriticalSection.h">
      <Filter>KUNS\KUNSUtil</Filter>
    </ClInclude>
    <ClInclude Include="src\KUNSUtil\KUNSINIReadWriter\ini.h">
      <Filter>KUNS\KUNSUtil</Filter>
    </ClInclude>
    <ClInclude Include="src\KUNSUtil\KUNSINIReadWriter\KuINIReadWriter.h">
      <Filter>KUNS\KUNSUtil</Filter>
    </ClInclude>
    <ClInclude Include="src\KUNSUtil\KUNSSerialComm\KuSerialComm.h">
      <Filter>KUNS\KUNSUtil</Filter>
    </ClInclude>
    <ClInclude Include="src\KUNSUtil\KUNSSerialCommunication\KuSerialCommunication.h">
      <Filter>KUNS\KUNSUtil</Filter>
    </ClInclude>
    <ClInclude Include="src\KUNSUtil\KUNSSingletone\KuSingletone.h">
      <Filter>KUNS\KUNSUtil</Filter>
    </ClInclude>
    <ClInclude Include="src\KUNSUtil\KUNSSmartPointer\KuSmartPointer.h">
      <Filter>KUNS\KUNSUtil</Filter>
    </ClInclude>
    <ClInclude Include="src\KUNSUtil\KUNSStandby\KuStandby.h">
      <Filter>KUNS\KUNSUtil</Filter>
    </ClInclude>
    <ClInclude Include="src\KUNSUtil\KUNSThread\KuThread.h">
      <Filter>KUNS\KUNSUtil</Filter>
    </ClInclude>
    <ClInclude Include="src\KUNSUtil\KUNSTimer\KuTimer.h">
      <Filter>KUNS\KUNSUtil</Filter>
    </ClInclude>
    <ClInclude Include="src\KUNSPose\KuPose.h">
      <Filter>KUNS</Filter>
    </ClInclude>
    <ClInclude Include="src\KUNSMath\KuMath.h">
      <Filter>KUNS</Filter>
    </ClInclude>
    <ClInclude Include="src\KUNSGUI\KuDrawingInfo.h">
      <Filter>KUNS</Filter>
    </ClInclude>
    <ClInclude Include="src\MobileSupervisor\MobileSupervisor.h">
      <Filter>MobileSupervisor</Filter>
    </ClInclude>
    <ClInclude Include="src\Sensor\E2BoxIMU9DOFInterface\E2BoxIMU9DOFInterface.h">
      <Filter>Sensor</Filter>
    </ClInclude>
    <ClInclude Include="src\Sensor\KinectSensorInterface\KinectSensorInterface.h">
      <Filter>Sensor</Filter>
    </ClInclude>
    <ClInclude Include="src\Sensor\SiriusCameraInterface\KuSiriusCameraInterface.h">
      <Filter>Sensor</Filter>
    </ClInclude>
    <ClInclude Include="src\Sensor\WheelActuatorInterface\SSAGVWheelActuatorInterface.h">
      <Filter>Sensor</Filter>
    </ClInclude>
    <ClInclude Include="src\KUNSGUI\KUNSUI3DDlg.h">
      <Filter>헤더 파일</Filter>
    </ClInclude>
    <ClInclude Include="src\KUNSUtil\KuUtil.h">
      <Filter>KUNS\KUNSUtil</Filter>
    </ClInclude>
    <ClInclude Include="src\Sensor\SensorSupervisor.h">
      <Filter>Sensor</Filter>
    </ClInclude>
    <ClInclude Include="src\Algorithm\ParticleFilter\Sample.h">
      <Filter>Localizer</Filter>
    </ClInclude>
    <ClInclude Include="src\Sensor\Sensor.h">
      <Filter>Sensor</Filter>
    </ClInclude>
    <ClInclude Include="src\MobileSupervisor\KuCommandMessage.h">
      <Filter>MobileSupervisor</Filter>
    </ClInclude>
    <ClInclude Include="src\MobileSupervisor\KuRobotParameter.h">
      <Filter>MobileSupervisor</Filter>
    </ClInclude>
    <ClInclude Include="src\KUNSBehavior\MapBuildingBehavior\MapBuildingBehavior.h">
      <Filter>Behavior\MapBuilding</Filter>
    </ClInclude>
    <ClInclude Include="src\Localizer\Localizer.h">
      <Filter>Localizer</Filter>
    </ClInclude>
    <ClInclude Include="src\Sensor\HokuyoURG04LXInterface\HokuyoURG04LXInterface.h">
      <Filter>Sensor</Filter>
    </ClInclude>
    <ClInclude Include="src\Sensor\GyroSensorInterface\GyroSensorInterface.h">
      <Filter>Sensor</Filter>
    </ClInclude>
    <ClInclude Include="src\Sensor\GyroSensorInterface\GyroSerialComm.h">
      <Filter>Sensor</Filter>
    </ClInclude>
    <ClInclude Include="src\KUNSBehavior\PathTeachingBehavior\PathTeachingBehavior.h">
      <Filter>Behavior\PathTeaching</Filter>
    </ClInclude>
    <ClInclude Include="src\KUNSProcess\KUNSICPLocalizerPr\KuICPLocalizerPr.h">
      <Filter>KUNSProcess</Filter>
    </ClInclude>
    <ClInclude Include="src\KUNSProcess\KUNSKanayamaMotionControlPr\KuKanayamaMotionControlPr.h">
      <Filter>KUNSProcess</Filter>
    </ClInclude>
    <ClInclude Include="src\KUNSProcess\KUNSLaserMapBuilderPr\KuLaserMapBuilderPr.h">
      <Filter>KUNSProcess</Filter>
    </ClInclude>
    <ClInclude Include="src\KUNSProcess\KUNSLaserMapBuilderPr\KuMapBuilderParameter.h">
      <Filter>KUNSProcess</Filter>
    </ClInclude>
    <ClInclude Include="src\KUNSProcess\KUNSPathPlannerPr\KuGradientPathPlannerPr.h">
      <Filter>KUNSProcess</Filter>
    </ClInclude>
    <ClInclude Include="src\KUNSProcess\KUNSPathPlannerPr\KuPathSmoothing.h">
      <Filter>KUNSProcess</Filter>
    </ClInclude>
    <ClInclude Include="src\KUNSProcess\KUNSTeachingPathPlannerPr\KuTeachingPathPlannerPr.h">
      <Filter>KUNSProcess</Filter>
    </ClInclude>
    <ClInclude Include="src\KUNSProcess\KUNSLaserBasedParticleFilterLocalizerPr\KuLBPFLocalizerPr.h">
      <Filter>KUNSProcess</Filter>
    </ClInclude>
    <ClInclude Include="src\KUNSProcess\KUNSScanMatchingLocalizerPr\KuScanMatchingLocalizerPr.h">
      <Filter>KUNSProcess</Filter>
    </ClInclude>
    <ClInclude Include="src\KUNSBehavior\GlobalLocalizationBehavior\GlobalLocalizationBehavior.h">
      <Filter>Behavior\GlobalLocalization</Filter>
    </ClInclude>
    <ClInclude Include="src\KUNSProcess\KUNSSURFbasedGlobalLocalizerPr\KuSURFbasedGlobalLocalizerPr.h">
      <Filter>KUNSProcess</Filter>
    </ClInclude>
    <ClInclude Include="src\Localizer\GlobalLocalizerSupervisor.h">
      <Filter>Localizer</Filter>
    </ClInclude>
    <ClInclude Include="src\Algorithm\KuICP\KuICP.h">
      <Filter>Algorithm\ICP</Filter>
    </ClInclude>
    <ClInclude Include="src\Algorithm\ParticleFilter\LaserBasedParticleFilter.h">
      <Filter>Algorithm\ParticleFilter</Filter>
    </ClInclude>
    <ClInclude Include="src\KUNSProcess\KUNSZoneControlPr\KuZoneControlPr.h">
      <Filter>KUNSProcess</Filter>
    </ClInclude>
    <ClInclude Include="src\MultiRobotSupervisor\MultiRobotActuatorInterface.h">
      <Filter>MultiRobotSupervisor</Filter>
    </ClInclude>
    <ClInclude Include="src\MultiRobotSupervisor\MultiRobotSupervisor.h">
      <Filter>MultiRobotSupervisor</Filter>
    </ClInclude>
    <ClInclude Include="src\Algorithm\FeatureDetector\FDResult.h">
      <Filter>Algorithm\FeatureDetector</Filter>
    </ClInclude>
    <ClInclude Include="src\Algorithm\FeatureDetector\FeatureDetector.h">
      <Filter>Algorithm\FeatureDetector</Filter>
    </ClInclude>
    <ClInclude Include="src\Algorithm\FeatureDetector\harrisDetector.h">
      <Filter>Algorithm\FeatureDetector</Filter>
    </ClInclude>
    <ClInclude Include="src\Algorithm\LineDetector\LDResult.h">
      <Filter>Algorithm\FeatureDetector</Filter>
    </ClInclude>
    <ClInclude Include="src\KUNSProcess\KUNSImageLineBasedParticleFilterLocalizerPr\KuILBPFLocalizerPr.h">
      <Filter>KUNSProcess</Filter>
    </ClInclude>
    <ClInclude Include="src\Algorithm\ParticleFilter\ImagebasedParticleFilter .h">
      <Filter>Algorithm\ParticleFilter</Filter>
    </ClInclude>
    <ClInclude Include="src\Sensor\SwitchInterface\SwitchInterface.h">
      <Filter>Sensor</Filter>
    </ClInclude>
    <ClInclude Include="src\Algorithm\FiducialMarkRecognizer\ALRecognizer.h">
      <Filter>Algorithm\FiducialMarkRecognizer</Filter>
    </ClInclude>
    <ClInclude Include="src\Algorithm\FiducialMarkRecognizer\AL_Recognizer\default_trees.h">
      <Filter>Algorithm\FiducialMarkRecognizer</Filter>
    </ClInclude>
    <ClInclude Include="src\Algorithm\FiducialMarkRecognizer\AL_Recognizer\fidtrackfinder.h">
      <Filter>Algorithm\FiducialMarkRecognizer</Filter>
    </ClInclude>
    <ClInclude Include="src\Algorithm\FiducialMarkRecognizer\AL_Recognizer\fidtrackX.h">
      <Filter>Algorithm\FiducialMarkRecognizer</Filter>
    </ClInclude>
    <ClInclude Include="src\Algorithm\FiducialMarkRecognizer\AL_Recognizer\FiducialObject.h">
      <Filter>Algorithm\FiducialMarkRecognizer</Filter>
    </ClInclude>
    <ClInclude Include="src\Algorithm\FiducialMarkRecognizer\AL_Recognizer\floatpoint.h">
      <Filter>Algorithm\FiducialMarkRecognizer</Filter>
    </ClInclude>
    <ClInclude Include="src\Algorithm\FiducialMarkRecognizer\AL_Recognizer\FrameThresholder.h">
      <Filter>Algorithm\FiducialMarkRecognizer</Filter>
    </ClInclude>
    <ClInclude Include="src\Algorithm\FiducialMarkRecognizer\AL_Recognizer\segment.h">
      <Filter>Algorithm\FiducialMarkRecognizer</Filter>
    </ClInclude>
    <ClInclude Include="src\Algorithm\FiducialMarkRecognizer\AL_Recognizer\threshold.h">
      <Filter>Algorithm\FiducialMarkRecognizer</Filter>
    </ClInclude>
    <ClInclude Include="src\Algorithm\FiducialMarkRecognizer\AL_Recognizer\tiled_bernsen_threshold.h">
      <Filter>Algorithm\FiducialMarkRecognizer</Filter>
    </ClInclude>
    <ClInclude Include="src\Algorithm\FiducialMarkRecognizer\AL_Recognizer\treeidmap.h">
      <Filter>Algorithm\FiducialMarkRecognizer</Filter>
    </ClInclude>
    <ClInclude Include="src\KUNSProcess\KuFiducialbasedLocalizerPr\KuFiducialbasedLocalizerPr.h">
      <Filter>KUNSProcess</Filter>
    </ClInclude>
    <ClInclude Include="src\Algorithm\FeatureDetector\freak.h">
      <Filter>Algorithm\FeatureDetector</Filter>
    </ClInclude>
    <ClInclude Include="src\Algorithm\FeatureDetector\hammingseg.h">
      <Filter>Algorithm\FeatureDetector</Filter>
    </ClInclude>
    <ClInclude Include="src\Sensor\SickLMS100Interface\SickLMS100Interface.h">
      <Filter>Sensor</Filter>
    </ClInclude>
    <ClInclude Include="src\Sensor\SickLMS100Interface\SickLMS100\LMS100Comm.h">
      <Filter>Sensor\SICK</Filter>
    </ClInclude>
    <ClInclude Include="src\Sensor\SickLMS100Interface\SickLMS100\LMSManager.h">
      <Filter>Sensor\SICK</Filter>
    </ClInclude>
    <ClInclude Include="src\Sensor\SickLMS100Interface\SickLMS100\math_util.h">
      <Filter>Sensor\SICK</Filter>
    </ClInclude>
    <ClInclude Include="src\KUNSGUI\OwnImgListCtrl.h">
      <Filter>헤더 파일</Filter>
    </ClInclude>
    <ClInclude Include="src\Algorithm\PathBlock\PathBlock.h">
      <Filter>Algorithm\PathBlock</Filter>
    </ClInclude>
    <ClInclude Include="src\KUNSProcess\KUNSPathBlockPr\KuPathBlockPr.h">
      <Filter>KUNSProcess</Filter>
    </ClInclude>
    <ClInclude Include="src\KUNSProcess\KUNSPathBlockPr\KuPathBlockPlannerPr.h">
      <Filter>KUNSProcess</Filter>
    </ClInclude>
    <ClInclude Include="src\KUNSGUI\PointSettingDlg.h">
      <Filter>헤더 파일</Filter>
    </ClInclude>
    <ClInclude Include="src\Sensor\VirtualSensor\KuVrHokuyoURG04LXInterface.h">
      <Filter>Sensor</Filter>
    </ClInclude>
    <ClInclude Include="src\Sensor\VirtualSensor\KuVrWheelActuatorInterface.h">
      <Filter>Sensor</Filter>
    </ClInclude>
    <ClInclude Include="src\Algorithm\ParticleFilter\CeilingImagebasedParticleFilter.h">
      <Filter>Algorithm\ParticleFilter</Filter>
    </ClInclude>
    <ClInclude Include="src\KUNSBehavior\GlobalMapBuildingBehavior\GlobalMapBuilding.h">
      <Filter>Behavior\GlobalMapBuilding</Filter>
    </ClInclude>
    <ClInclude Include="src\KUNSProcess\KUNSGlobalMapbasedGlobalLocalizationPr\KuGlobalMapbasedGlobalLocalizationPr.h">
      <Filter>KUNSProcess</Filter>
    </ClInclude>
    <ClInclude Include="src\KUNSProcess\KUNSGlobalMapBuildingPr\KuGlobalMapBuildingPr.h">
      <Filter>KUNSProcess</Filter>
    </ClInclude>
    <ClInclude Include="src\KUNSProcess\KUNSRetinexPr\KuRetinexPr.h">
      <Filter>KUNSProcess</Filter>
    </ClInclude>
    <ClInclude Include="src\KUNSPRIMUSComm\KuPRIMUSCommSupervisor.h">
      <Filter>KUNSPRIMUSComm</Filter>
    </ClInclude>
    <ClInclude Include="src\KUNSPRIMUSComm\PRIMUSCommunication.h">
      <Filter>KUNSPRIMUSComm\Comm</Filter>
    </ClInclude>
    <ClInclude Include="src\KUNSPRIMUSComm\PRIMUSVariable.h">
      <Filter>KUNSPRIMUSComm\Comm</Filter>
    </ClInclude>
    <ClInclude Include="src\KUNSPRIMUSComm\debug.h">
      <Filter>KUNSPRIMUSComm\debugfile</Filter>
    </ClInclude>
    <ClInclude Include="src\KUNSPRIMUSComm\datacnv.h">
      <Filter>KUNSPRIMUSComm\etc</Filter>
    </ClInclude>
    <ClInclude Include="src\KUNSPRIMUSComm\Global.h">
      <Filter>KUNSPRIMUSComm\Global</Filter>
    </ClInclude>
    <ClInclude Include="src\KUNSPRIMUSComm\CheckPC.h">
      <Filter>KUNSPRIMUSComm\PCState</Filter>
    </ClInclude>
    <ClInclude Include="src\KUNSPRIMUSComm\CheckSW.h">
      <Filter>KUNSPRIMUSComm\PCState</Filter>
    </ClInclude>
    <ClInclude Include="src\KUNSPRIMUSComm\ControlUnit.h">
      <Filter>KUNSPRIMUSComm\PCState</Filter>
    </ClInclude>
    <ClInclude Include="src\KUNSPRIMUSComm\sendqueue.h">
      <Filter>KUNSPRIMUSComm\Serial</Filter>
    </ClInclude>
    <ClInclude Include="src\KUNSPRIMUSComm\SerialCom.h">
      <Filter>KUNSPRIMUSComm\Serial</Filter>
    </ClInclude>
    <ClInclude Include="src\KUNSPRIMUSComm\serialdef.h">
      <Filter>KUNSPRIMUSComm\Serial</Filter>
    </ClInclude>
    <ClInclude Include="src\KUNSGUI\BlockBox.h">
      <Filter>헤더 파일</Filter>
    </ClInclude>
    <ClInclude Include="src\AGVComm\GPIOComm\GPIOComm.h">
      <Filter>AGVComm\GPIOComm</Filter>
    </ClInclude>
    <ClInclude Include="src\AGVComm\ZigbeeComm\ZigbeeComm.h">
      <Filter>AGVComm\ZigbeeComm</Filter>
    </ClInclude>
    <ClInclude Include="src\AGVComm\AGVCommSupervisor.h">
      <Filter>AGVComm</Filter>
    </ClInclude>
    <ClInclude Include="src\MultiRobotSupervisor\Clientpart.h">
      <Filter>MultiRobotSupervisor</Filter>
    </ClInclude>
    <ClInclude Include="src\MultiRobotSupervisor\MultiTcpipInterface.h">
      <Filter>MultiRobotSupervisor</Filter>
    </ClInclude>
    <ClInclude Include="src\MultiRobotSupervisor\Serverpart.h">
      <Filter>MultiRobotSupervisor</Filter>
    </ClInclude>
    <ClInclude Include="src\MultiRobotSupervisor\XmldataSetting.h">
      <Filter>MultiRobotSupervisor</Filter>
    </ClInclude>
    <ClInclude Include="src\KUNSUtil\KUNSSocketComm\KUNSSocketComm.h">
      <Filter>KUNS\KUNSUtil</Filter>
    </ClInclude>
    <ClInclude Include="src\MultiRobotSupervisor\tinyxml\tinyxml.h">
      <Filter>MultiRobotSupervisor\tinyxml</Filter>
    </ClInclude>
    <ClInclude Include="src\MultiRobotSupervisor\TotalTcpipCommunication.h">
      <Filter>MultiRobotSupervisor</Filter>
    </ClInclude>
    <ClInclude Include="src\Sensor\SickLMS100Interface\SickTIM551Interface.h">
      <Filter>Sensor</Filter>
    </ClInclude>
    <ClInclude Include="src\ANSCommon\ANSCommon.h">
      <Filter>ANSCommon</Filter>
    </ClInclude>
    <ClInclude Include="src\ANSCommon\ANSLog.h">
      <Filter>ANSCommon</Filter>
    </ClInclude>
    <ClInclude Include="src\Sensor\SVLaserScannerInterface\SVLaserScannerInterface.h">
      <Filter>Sensor</Filter>
    </ClInclude>
    <ClInclude Include="src\Sensor\SVLaserScannerInterface\SVLaserScannerSerialComm.h">
      <Filter>Sensor</Filter>
    </ClInclude>
    <ClInclude Include="src\Sensor\KinectSensorInterface\Kinect.h">
      <Filter>Sensor</Filter>
    </ClInclude>
    <ClInclude Include="src\ANSCommon\ANSArray2D.hpp">
      <Filter>ANSCommon</Filter>
    </ClInclude>
    <ClInclude Include="src\ANSCommon\ANSPoint3D.h">
      <Filter>ANSCommon</Filter>
    </ClInclude>
    <ClInclude Include="src\KUNSProcess\ANSMotionController\ANSMotionController.h">
      <Filter>KUNSProcess</Filter>
    </ClInclude>
    <ClInclude Include="src\ANSCommon\ANSPose.h">
      <Filter>ANSCommon</Filter>
    </ClInclude>
    <ClInclude Include="src\ANSCommon\ANSPoint2D.h">
      <Filter>ANSCommon</Filter>
    </ClInclude>
  </ItemGroup>
  <ItemGroup>
    <ClCompile Include="Samsung_TapelessAGV.cpp">
      <Filter>소스 파일</Filter>
    </ClCompile>
    <ClCompile Include="Samsung_TapelessAGVDlg.cpp">
      <Filter>소스 파일</Filter>
    </ClCompile>
    <ClCompile Include="stdafx.cpp">
      <Filter>소스 파일</Filter>
    </ClCompile>
    <ClCompile Include="src\KUNSBehavior\GotoGoalBehavior\GotoGoalBehavior.cpp">
      <Filter>Behavior\Gotogoal</Filter>
    </ClCompile>
    <ClCompile Include="src\KUNSMap\KuMap.cpp">
      <Filter>KUNS\KUNSMap</Filter>
    </ClCompile>
    <ClCompile Include="src\KUNSMap\KuMapRepository.cpp">
      <Filter>KUNS\KUNSMap</Filter>
    </ClCompile>
    <ClCompile Include="src\KUNSUtil\KUNSCriticalSection\KuCriticalSection.cpp">
      <Filter>KUNS\KUNSUtil</Filter>
    </ClCompile>
    <ClCompile Include="src\KUNSUtil\KUNSINIReadWriter\ini.cpp">
      <Filter>KUNS\KUNSUtil</Filter>
    </ClCompile>
    <ClCompile Include="src\KUNSUtil\KUNSINIReadWriter\KuINIReadWriter.cpp">
      <Filter>KUNS\KUNSUtil</Filter>
    </ClCompile>
    <ClCompile Include="src\KUNSUtil\KUNSSerialComm\KuSerialComm.cpp">
      <Filter>KUNS\KUNSUtil</Filter>
    </ClCompile>
    <ClCompile Include="src\KUNSUtil\KUNSSerialCommunication\KuSerialCommunication.cpp">
      <Filter>KUNS\KUNSUtil</Filter>
    </ClCompile>
    <ClCompile Include="src\KUNSUtil\KUNSStandby\KuStandby.cpp">
      <Filter>KUNS\KUNSUtil</Filter>
    </ClCompile>
    <ClCompile Include="src\KUNSUtil\KUNSThread\KuThread.cpp">
      <Filter>KUNS\KUNSUtil</Filter>
    </ClCompile>
    <ClCompile Include="src\KUNSUtil\KUNSTimer\KuTimer.cpp">
      <Filter>KUNS\KUNSUtil</Filter>
    </ClCompile>
    <ClCompile Include="src\KUNSPose\KuPose.cpp">
      <Filter>KUNS</Filter>
    </ClCompile>
    <ClCompile Include="src\KUNSMath\KuMath.cpp">
      <Filter>KUNS</Filter>
    </ClCompile>
    <ClCompile Include="src\KUNSGUI\KuDrawingInfo.cpp">
      <Filter>KUNS</Filter>
    </ClCompile>
    <ClCompile Include="src\MobileSupervisor\MobileSupervisor.cpp">
      <Filter>MobileSupervisor</Filter>
    </ClCompile>
    <ClCompile Include="src\Sensor\E2BoxIMU9DOFInterface\E2BoxIMU9DOFInterface.cpp">
      <Filter>Sensor</Filter>
    </ClCompile>
    <ClCompile Include="src\Sensor\KinectSensorInterface\KinectSensorInterface.cpp">
      <Filter>Sensor</Filter>
    </ClCompile>
    <ClCompile Include="src\Sensor\SiriusCameraInterface\KuSiriusCameraInterface.cpp">
      <Filter>Sensor</Filter>
    </ClCompile>
    <ClCompile Include="src\Sensor\WheelActuatorInterface\SSAGVWheelActuatorInterface.cpp">
      <Filter>Sensor</Filter>
    </ClCompile>
    <ClCompile Include="src\KUNSGUI\KUNSUI3DDlg.cpp">
      <Filter>소스 파일</Filter>
    </ClCompile>
    <ClCompile Include="src\KUNSUtil\KuUtil.cpp">
      <Filter>KUNS\KUNSUtil</Filter>
    </ClCompile>
    <ClCompile Include="src\Sensor\SensorSupervisor.cpp">
      <Filter>Sensor</Filter>
    </ClCompile>
    <ClCompile Include="src\MobileSupervisor\KuCommandMessage.cpp">
      <Filter>MobileSupervisor</Filter>
    </ClCompile>
    <ClCompile Include="src\MobileSupervisor\KuRobotParameter.cpp">
      <Filter>MobileSupervisor</Filter>
    </ClCompile>
    <ClCompile Include="src\KUNSBehavior\MapBuildingBehavior\MapBuildingBehavior.cpp">
      <Filter>Behavior\MapBuilding</Filter>
    </ClCompile>
    <ClCompile Include="src\Sensor\HokuyoURG04LXInterface\HokuyoURG04LXInterface.cpp">
      <Filter>Sensor</Filter>
    </ClCompile>
    <ClCompile Include="src\Sensor\GyroSensorInterface\GyroSensorInterface.cpp">
      <Filter>Sensor</Filter>
    </ClCompile>
    <ClCompile Include="src\Sensor\GyroSensorInterface\GyroSerialComm.cpp">
      <Filter>Sensor</Filter>
    </ClCompile>
    <ClCompile Include="src\KUNSBehavior\PathTeachingBehavior\PathTeachingBehavior.cpp">
      <Filter>Behavior\PathTeaching</Filter>
    </ClCompile>
    <ClCompile Include="src\KUNSProcess\KUNSICPLocalizerPr\KuICPLocalizerPr.cpp">
      <Filter>KUNSProcess</Filter>
    </ClCompile>
    <ClCompile Include="src\KUNSProcess\KUNSKanayamaMotionControlPr\KuKanayamaMotionControlPr.cpp">
      <Filter>KUNSProcess</Filter>
    </ClCompile>
    <ClCompile Include="src\KUNSProcess\KUNSLaserMapBuilderPr\KuLaserMapBuilderPr.cpp">
      <Filter>KUNSProcess</Filter>
    </ClCompile>
    <ClCompile Include="src\KUNSProcess\KUNSLaserMapBuilderPr\KuMapBuilderParameter.cpp">
      <Filter>KUNSProcess</Filter>
    </ClCompile>
    <ClCompile Include="src\KUNSProcess\KUNSPathPlannerPr\KuGradientPathPlannerPr.cpp">
      <Filter>KUNSProcess</Filter>
    </ClCompile>
    <ClCompile Include="src\KUNSProcess\KUNSPathPlannerPr\KuPathSmoothing.cpp">
      <Filter>KUNSProcess</Filter>
    </ClCompile>
    <ClCompile Include="src\KUNSProcess\KUNSTeachingPathPlannerPr\KuTeachingPathPlannerPr.cpp">
      <Filter>KUNSProcess</Filter>
    </ClCompile>
    <ClCompile Include="src\KUNSProcess\KUNSLaserBasedParticleFilterLocalizerPr\KuLBPFLocalizerPr.cpp">
      <Filter>KUNSProcess</Filter>
    </ClCompile>
    <ClCompile Include="src\KUNSProcess\KUNSScanMatchingLocalizerPr\KuScanMatchingLocalizerPr.cpp">
      <Filter>KUNSProcess</Filter>
    </ClCompile>
    <ClCompile Include="src\KUNSBehavior\GlobalLocalizationBehavior\GlobalLocalizationBehavior.cpp">
      <Filter>Behavior\GlobalLocalization</Filter>
    </ClCompile>
    <ClCompile Include="src\KUNSProcess\KUNSSURFbasedGlobalLocalizerPr\KuSURFbasedGlobalLocalizerPr.cpp">
      <Filter>KUNSProcess</Filter>
    </ClCompile>
    <ClCompile Include="src\Localizer\GlobalLocalizaerSupervisor.cpp">
      <Filter>Localizer</Filter>
    </ClCompile>
    <ClCompile Include="src\Algorithm\KuICP\KuICP.cpp">
      <Filter>Algorithm\ICP</Filter>
    </ClCompile>
    <ClCompile Include="src\Algorithm\ParticleFilter\LaserBasedParticleFilter.cpp">
      <Filter>Algorithm\ParticleFilter</Filter>
    </ClCompile>
    <ClCompile Include="src\KUNSProcess\KUNSZoneControlPr\KuZoneControlPr.cpp">
      <Filter>KUNSProcess</Filter>
    </ClCompile>
    <ClCompile Include="src\MultiRobotSupervisor\MultiRobotActuatorInterface.cpp">
      <Filter>MultiRobotSupervisor</Filter>
    </ClCompile>
    <ClCompile Include="src\MultiRobotSupervisor\MultiRobotSupervisor.cpp">
      <Filter>MultiRobotSupervisor</Filter>
    </ClCompile>
    <ClCompile Include="src\Algorithm\FeatureDetector\FDResult.cpp">
      <Filter>Algorithm\FeatureDetector</Filter>
    </ClCompile>
    <ClCompile Include="src\Algorithm\FeatureDetector\FeatureDetector.cpp">
      <Filter>Algorithm\FeatureDetector</Filter>
    </ClCompile>
    <ClCompile Include="src\Algorithm\LineDetector\LDResult.cpp">
      <Filter>Algorithm\FeatureDetector</Filter>
    </ClCompile>
    <ClCompile Include="src\KUNSProcess\KUNSImageLineBasedParticleFilterLocalizerPr\KuILBPFLocalizerPr.cpp">
      <Filter>KUNSProcess</Filter>
    </ClCompile>
    <ClCompile Include="src\Algorithm\ParticleFilter\ImagebasedParticleFilter .cpp">
      <Filter>Algorithm\ParticleFilter</Filter>
    </ClCompile>
    <ClCompile Include="src\Sensor\SwitchInterface\SwitchInterface.cpp">
      <Filter>Sensor</Filter>
    </ClCompile>
    <ClCompile Include="src\Algorithm\FiducialMarkRecognizer\ALRecognizer.cpp">
      <Filter>Algorithm\FiducialMarkRecognizer</Filter>
    </ClCompile>
    <ClCompile Include="src\Algorithm\FiducialMarkRecognizer\AL_Recognizer\FidtrackFinder.cpp">
      <Filter>Algorithm\FiducialMarkRecognizer</Filter>
    </ClCompile>
    <ClCompile Include="src\Algorithm\FiducialMarkRecognizer\AL_Recognizer\fidtrackX.cpp">
      <Filter>Algorithm\FiducialMarkRecognizer</Filter>
    </ClCompile>
    <ClCompile Include="src\Algorithm\FiducialMarkRecognizer\AL_Recognizer\FiducialObject.cpp">
      <Filter>Algorithm\FiducialMarkRecognizer</Filter>
    </ClCompile>
    <ClCompile Include="src\Algorithm\FiducialMarkRecognizer\AL_Recognizer\FrameThresholder.cpp">
      <Filter>Algorithm\FiducialMarkRecognizer</Filter>
    </ClCompile>
    <ClCompile Include="src\Algorithm\FiducialMarkRecognizer\AL_Recognizer\segment.cpp">
      <Filter>Algorithm\FiducialMarkRecognizer</Filter>
    </ClCompile>
    <ClCompile Include="src\Algorithm\FiducialMarkRecognizer\AL_Recognizer\threshold.cpp">
      <Filter>Algorithm\FiducialMarkRecognizer</Filter>
    </ClCompile>
    <ClCompile Include="src\Algorithm\FiducialMarkRecognizer\AL_Recognizer\tiled_bernsen_threshold.cpp">
      <Filter>Algorithm\FiducialMarkRecognizer</Filter>
    </ClCompile>
    <ClCompile Include="src\Algorithm\FiducialMarkRecognizer\AL_Recognizer\treeidmap.cpp">
      <Filter>Algorithm\FiducialMarkRecognizer</Filter>
    </ClCompile>
    <ClCompile Include="src\KUNSProcess\KuFiducialbasedLocalizerPr\KuFiducialbasedLocalizerPr.cpp">
      <Filter>KUNSProcess</Filter>
    </ClCompile>
    <ClCompile Include="src\Algorithm\FeatureDetector\freak.cpp">
      <Filter>Algorithm\FeatureDetector</Filter>
    </ClCompile>
    <ClCompile Include="src\Sensor\SickLMS100Interface\SickLMS100Interface.cpp">
      <Filter>Sensor</Filter>
    </ClCompile>
    <ClCompile Include="src\Sensor\SickLMS100Interface\SickLMS100\LMS100Comm.cpp">
      <Filter>Sensor\SICK</Filter>
    </ClCompile>
    <ClCompile Include="src\Sensor\SickLMS100Interface\SickLMS100\LMSManager.cpp">
      <Filter>Sensor\SICK</Filter>
    </ClCompile>
    <ClCompile Include="src\Sensor\SickLMS100Interface\SickLMS100\math_util.cpp">
      <Filter>Sensor\SICK</Filter>
    </ClCompile>
    <ClCompile Include="src\KUNSGUI\OwnImgListCtrl.cpp">
      <Filter>소스 파일</Filter>
    </ClCompile>
    <ClCompile Include="src\Algorithm\PathBlock\PathBlock.cpp">
      <Filter>Algorithm\PathBlock</Filter>
    </ClCompile>
    <ClCompile Include="src\KUNSProcess\KUNSPathBlockPr\KuPathBlockPr.cpp">
      <Filter>KUNSProcess</Filter>
    </ClCompile>
    <ClCompile Include="src\KUNSProcess\KUNSPathBlockPr\KuPathBlockPlannerPr.cpp">
      <Filter>KUNSProcess</Filter>
    </ClCompile>
    <ClCompile Include="src\KUNSGUI\PointSettingDlg.cpp">
      <Filter>소스 파일</Filter>
    </ClCompile>
    <ClCompile Include="src\Sensor\VirtualSensor\KuVrHokuyoURG04LXInterface.cpp">
      <Filter>Sensor</Filter>
    </ClCompile>
    <ClCompile Include="src\Sensor\VirtualSensor\KuVrWheelActuatorInterface.cpp">
      <Filter>Sensor</Filter>
    </ClCompile>
    <ClCompile Include="src\Algorithm\ParticleFilter\CeilingImagebasedParticleFilter.cpp">
      <Filter>Algorithm\ParticleFilter</Filter>
    </ClCompile>
    <ClCompile Include="src\KUNSBehavior\GlobalMapBuildingBehavior\GlobalMapBuilding.cpp">
      <Filter>Behavior\GlobalMapBuilding</Filter>
    </ClCompile>
    <ClCompile Include="src\KUNSProcess\KUNSGlobalMapbasedGlobalLocalizationPr\KuGlobalMapbasedGlobalLocalizationPr.cpp">
      <Filter>KUNSProcess</Filter>
    </ClCompile>
    <ClCompile Include="src\KUNSProcess\KUNSGlobalMapBuildingPr\KuGlobalMapBuildingPr.cpp">
      <Filter>KUNSProcess</Filter>
    </ClCompile>
    <ClCompile Include="src\KUNSProcess\KUNSRetinexPr\KuRetinexPr.cpp">
      <Filter>KUNSProcess</Filter>
    </ClCompile>
    <ClCompile Include="src\KUNSPRIMUSComm\KuPRIMUSCommSupervisor.cpp">
      <Filter>KUNSPRIMUSComm</Filter>
    </ClCompile>
    <ClCompile Include="src\KUNSPRIMUSComm\PRIMUSCommunication.cpp">
      <Filter>KUNSPRIMUSComm\Comm</Filter>
    </ClCompile>
    <ClCompile Include="src\KUNSPRIMUSComm\debug.cpp">
      <Filter>KUNSPRIMUSComm\debugfile</Filter>
    </ClCompile>
    <ClCompile Include="src\KUNSPRIMUSComm\datacnv.cpp">
      <Filter>KUNSPRIMUSComm\etc</Filter>
    </ClCompile>
    <ClCompile Include="src\KUNSPRIMUSComm\Global.cpp">
      <Filter>KUNSPRIMUSComm\Global</Filter>
    </ClCompile>
    <ClCompile Include="src\KUNSPRIMUSComm\CheckPC.cpp">
      <Filter>KUNSPRIMUSComm\PCState</Filter>
    </ClCompile>
    <ClCompile Include="src\KUNSPRIMUSComm\CheckSW.cpp">
      <Filter>KUNSPRIMUSComm\PCState</Filter>
    </ClCompile>
    <ClCompile Include="src\KUNSPRIMUSComm\ControlUnit.cpp">
      <Filter>KUNSPRIMUSComm\PCState</Filter>
    </ClCompile>
    <ClCompile Include="src\KUNSPRIMUSComm\sendqueue.cpp">
      <Filter>KUNSPRIMUSComm\Serial</Filter>
    </ClCompile>
    <ClCompile Include="src\KUNSPRIMUSComm\SerialCom.cpp">
      <Filter>KUNSPRIMUSComm\Serial</Filter>
    </ClCompile>
    <ClCompile Include="src\KUNSPRIMUSComm\serialdef.cpp">
      <Filter>KUNSPRIMUSComm\Serial</Filter>
    </ClCompile>
    <ClCompile Include="src\KUNSGUI\BlockBox.cpp">
      <Filter>소스 파일</Filter>
    </ClCompile>
    <ClCompile Include="src\AGVComm\GPIOComm\GPIOComm.cpp">
      <Filter>AGVComm\GPIOComm</Filter>
    </ClCompile>
    <ClCompile Include="src\AGVComm\AGVCommSupervisor.cpp">
      <Filter>AGVComm</Filter>
    </ClCompile>
    <ClCompile Include="src\AGVComm\ZigbeeComm\ZigbeeComm.cpp">
      <Filter>AGVComm\ZigbeeComm</Filter>
    </ClCompile>
    <ClCompile Include="src\MultiRobotSupervisor\Clientpart.cpp">
      <Filter>MultiRobotSupervisor</Filter>
    </ClCompile>
    <ClCompile Include="src\MultiRobotSupervisor\MultiTcpipInterface.cpp">
      <Filter>MultiRobotSupervisor</Filter>
    </ClCompile>
    <ClCompile Include="src\MultiRobotSupervisor\Serverpart.cpp">
      <Filter>MultiRobotSupervisor</Filter>
    </ClCompile>
    <ClCompile Include="src\MultiRobotSupervisor\XmldataSetting.cpp">
      <Filter>MultiRobotSupervisor</Filter>
    </ClCompile>
    <ClCompile Include="src\KUNSUtil\KUNSSocketComm\KUNSSocketComm.cpp">
      <Filter>KUNS\KUNSUtil</Filter>
    </ClCompile>
    <ClCompile Include="src\MultiRobotSupervisor\tinyxml\tinystr.cpp">
      <Filter>MultiRobotSupervisor\tinyxml</Filter>
    </ClCompile>
    <ClCompile Include="src\MultiRobotSupervisor\tinyxml\tinyxml.cpp">
      <Filter>MultiRobotSupervisor\tinyxml</Filter>
    </ClCompile>
    <ClCompile Include="src\MultiRobotSupervisor\tinyxml\tinyxmlerror.cpp">
      <Filter>MultiRobotSupervisor\tinyxml</Filter>
    </ClCompile>
    <ClCompile Include="src\MultiRobotSupervisor\tinyxml\tinyxmlparser.cpp">
      <Filter>MultiRobotSupervisor\tinyxml</Filter>
    </ClCompile>
    <ClCompile Include="src\MultiRobotSupervisor\TotalTcpipCommunication.cpp">
      <Filter>MultiRobotSupervisor</Filter>
    </ClCompile>
    <ClCompile Include="src\Sensor\SickLMS100Interface\SickTIM551Interface.cpp">
      <Filter>Sensor</Filter>
    </ClCompile>
    <ClCompile Include="src\ANSCommon\ANSCommon.cpp">
      <Filter>ANSCommon</Filter>
    </ClCompile>
    <ClCompile Include="src\ANSCommon\ANSLog.cpp">
      <Filter>ANSCommon</Filter>
    </ClCompile>
    <ClCompile Include="src\Sensor\SVLaserScannerInterface\SVLaserScannerInterface.cpp">
      <Filter>Sensor</Filter>
    </ClCompile>
    <ClCompile Include="src\Sensor\SVLaserScannerInterface\SVLaserScannerSerialComm.cpp">
      <Filter>Sensor</Filter>
    </ClCompile>
    <ClCompile Include="src\Sensor\KinectSensorInterface\Kinect.cpp">
      <Filter>Sensor</Filter>
    </ClCompile>
    <ClCompile Include="src\ANSCommon\ANSPoint3D.cpp">
      <Filter>ANSCommon</Filter>
    </ClCompile>
    <ClCompile Include="src\KUNSProcess\ANSMotionController\ANSMotionController.cpp">
      <Filter>KUNSProcess</Filter>
    </ClCompile>
    <ClCompile Include="src\ANSCommon\ANSPose.cpp">
      <Filter>ANSCommon</Filter>
    </ClCompile>
    <ClCompile Include="src\ANSCommon\ANSPoint2D.cpp">
      <Filter>ANSCommon</Filter>
    </ClCompile>
  </ItemGroup>
  <ItemGroup>
    <ResourceCompile Include="Samsung_TapelessAGV.rc">
      <Filter>리소스 파일</Filter>
    </ResourceCompile>
  </ItemGroup>
</Project>